
Microsoft Visual Studio Solution File, Format Version 12.00
# Visual Studio Version 17
VisualStudioVersion = 17.5.33424.131
MinimumVisualStudioVersion = 10.0.40219.1
Project("{E24C65DC-7377-472B-9ABA-BC803B73C61A}") = "WebSiteExemplo", ".", "{2B47FD20-8D92-4502-A8BC-D4EA3F32C253}"
	ProjectSection(WebsiteProperties) = preProject
		TargetFrameworkMoniker = ".NETFramework,Version%3Dv4.7.2"
		Debug.AspNetCompiler.VirtualPath = "/localhost_56658"
		Debug.AspNetCompiler.PhysicalPath = "..\WebSiteExemplo\"
		Debug.AspNetCompiler.TargetPath = "PrecompiledWeb\localhost_56658\"
		Debug.AspNetCompiler.Updateable = "true"
		Debug.AspNetCompiler.ForceOverwrite = "true"
		Debug.AspNetCompiler.FixedNames = "false"
		Debug.AspNetCompiler.Debug = "True"
		Release.AspNetCompiler.VirtualPath = "/localhost_56658"
		Release.AspNetCompiler.PhysicalPath = "..\WebSiteExemplo\"
		Release.AspNetCompiler.TargetPath = "PrecompiledWeb\localhost_56658\"
		Release.AspNetCompiler.Updateable = "true"
		Release.AspNetCompiler.ForceOverwrite = "true"
		Release.AspNetCompiler.FixedNames = "false"
		Release.AspNetCompiler.Debug = "False"
		VWDPort = "56658"
		SlnRelativePath = "..\WebSiteExemplo\"
		DefaultWebSiteLanguage = "Visual C#"
	EndProjectSection
EndProject
Global
	GlobalSection(SolutionConfigurationPlatforms) = preSolution
		Debug|Any CPU = Debug|Any CPU
	EndGlobalSection
	GlobalSection(ProjectConfigurationPlatforms) = postSolution
		{2B47FD20-8D92-4502-A8BC-D4EA3F32C253}.Debug|Any CPU.ActiveCfg = Debug|Any CPU
		{2B47FD20-8D92-4502-A8BC-D4EA3F32C253}.Debug|Any CPU.Build.0 = Debug|Any CPU
	EndGlobalSection
	GlobalSection(SolutionProperties) = preSolution
		HideSolutionNode = FALSE
	EndGlobalSection
	GlobalSection(ExtensibilityGlobals) = postSolution
		SolutionGuid = {76DE9808-7907-431B-99B0-C17F1CB10AC7}
	EndGlobalSection
EndGlobal
